
Microsoft Visual Studio Solution File, Format Version 12.00
# Visual Studio Version 16
VisualStudioVersion = 16.0.29609.76
MinimumVisualStudioVersion = 10.0.40219.1
Project("{9A19103F-16F7-4668-BE54-9A1E7A4F7556}") = "ZenTool.Cmd", "ZenTool.Cmd\ZenTool.Cmd.csproj", "{28697315-7242-4A81-9180-944D15737753}"
EndProject
Project("{2150E333-8FDC-42A3-9474-1A3956D46DE8}") = "1.UI", "1.UI", "{C5510749-B109-484F-9988-D8D30A6B1598}"
EndProject
Project("{2150E333-8FDC-42A3-9474-1A3956D46DE8}") = "2.AppService(业务)", "2.AppService(业务)", "{B73C3A69-87B9-42EE-90C3-4856A4EC01C0}"
EndProject
Project("{2150E333-8FDC-42A3-9474-1A3956D46DE8}") = "4.Domain（领域）", "4.Domain（领域）", "{26E78600-7A4E-4330-99EA-9FDFD6001A32}"
EndProject
Project("{2150E333-8FDC-42A3-9474-1A3956D46DE8}") = "3.Repository", "3.Repository", "{7AF411A0-975C-481F-84AF-FED76F64A7F8}"
EndProject
Project("{2150E333-8FDC-42A3-9474-1A3956D46DE8}") = "5.Infrastructure", "5.Infrastructure", "{180363BC-9876-4512-BE37-365457C215BE}"
EndProject
Project("{9A19103F-16F7-4668-BE54-9A1E7A4F7556}") = "ZenTool.AppService", "ZenTool.AppService\ZenTool.AppService.csproj", "{6D525BE9-7037-43B2-BF0D-364F8A01134E}"
EndProject
Project("{9A19103F-16F7-4668-BE54-9A1E7A4F7556}") = "ZenTool.DapperRepository", "ZenTool.DapperRepository\ZenTool.DapperRepository.csproj", "{7A42B76F-AC03-408F-8E48-D80EE7D13B90}"
EndProject
Project("{9A19103F-16F7-4668-BE54-9A1E7A4F7556}") = "ZenTool.Domain", "ZenTool.Domain\ZenTool.Domain.csproj", "{65682F22-5D38-42D8-AFEA-A750C92BCDC6}"
EndProject
Project("{9A19103F-16F7-4668-BE54-9A1E7A4F7556}") = "ZenTool.Infrastructure", "ZenTool.Infrastructure\ZenTool.Infrastructure.csproj", "{36ED6F02-DFAB-4FA2-9AD7-90C93B4F1078}"
EndProject
Project("{FAE04EC0-301F-11D3-BF4B-00C04F79EFBC}") = "ZenTool.EfRepository", "ZenTool.EfRepository\ZenTool.EfRepository.csproj", "{7AE03CF4-158D-4997-B336-5DB6FE0FE732}"
EndProject
Global
	GlobalSection(SolutionConfigurationPlatforms) = preSolution
		Debug|Any CPU = Debug|Any CPU
		Release|Any CPU = Release|Any CPU
	EndGlobalSection
	GlobalSection(ProjectConfigurationPlatforms) = postSolution
		{28697315-7242-4A81-9180-944D15737753}.Debug|Any CPU.ActiveCfg = Debug|Any CPU
		{28697315-7242-4A81-9180-944D15737753}.Debug|Any CPU.Build.0 = Debug|Any CPU
		{28697315-7242-4A81-9180-944D15737753}.Release|Any CPU.ActiveCfg = Release|Any CPU
		{28697315-7242-4A81-9180-944D15737753}.Release|Any CPU.Build.0 = Release|Any CPU
		{6D525BE9-7037-43B2-BF0D-364F8A01134E}.Debug|Any CPU.ActiveCfg = Debug|Any CPU
		{6D525BE9-7037-43B2-BF0D-364F8A01134E}.Debug|Any CPU.Build.0 = Debug|Any CPU
		{6D525BE9-7037-43B2-BF0D-364F8A01134E}.Release|Any CPU.ActiveCfg = Release|Any CPU
		{6D525BE9-7037-43B2-BF0D-364F8A01134E}.Release|Any CPU.Build.0 = Release|Any CPU
		{7A42B76F-AC03-408F-8E48-D80EE7D13B90}.Debug|Any CPU.ActiveCfg = Debug|Any CPU
		{7A42B76F-AC03-408F-8E48-D80EE7D13B90}.Debug|Any CPU.Build.0 = Debug|Any CPU
		{7A42B76F-AC03-408F-8E48-D80EE7D13B90}.Release|Any CPU.ActiveCfg = Release|Any CPU
		{7A42B76F-AC03-408F-8E48-D80EE7D13B90}.Release|Any CPU.Build.0 = Release|Any CPU
		{65682F22-5D38-42D8-AFEA-A750C92BCDC6}.Debug|Any CPU.ActiveCfg = Debug|Any CPU
		{65682F22-5D38-42D8-AFEA-A750C92BCDC6}.Debug|Any CPU.Build.0 = Debug|Any CPU
		{65682F22-5D38-42D8-AFEA-A750C92BCDC6}.Release|Any CPU.ActiveCfg = Release|Any CPU
		{65682F22-5D38-42D8-AFEA-A750C92BCDC6}.Release|Any CPU.Build.0 = Release|Any CPU
		{36ED6F02-DFAB-4FA2-9AD7-90C93B4F1078}.Debug|Any CPU.ActiveCfg = Debug|Any CPU
		{36ED6F02-DFAB-4FA2-9AD7-90C93B4F1078}.Debug|Any CPU.Build.0 = Debug|Any CPU
		{36ED6F02-DFAB-4FA2-9AD7-90C93B4F1078}.Release|Any CPU.ActiveCfg = Release|Any CPU
		{36ED6F02-DFAB-4FA2-9AD7-90C93B4F1078}.Release|Any CPU.Build.0 = Release|Any CPU
		{7AE03CF4-158D-4997-B336-5DB6FE0FE732}.Debug|Any CPU.ActiveCfg = Debug|Any CPU
		{7AE03CF4-158D-4997-B336-5DB6FE0FE732}.Debug|Any CPU.Build.0 = Debug|Any CPU
		{7AE03CF4-158D-4997-B336-5DB6FE0FE732}.Release|Any CPU.ActiveCfg = Release|Any CPU
		{7AE03CF4-158D-4997-B336-5DB6FE0FE732}.Release|Any CPU.Build.0 = Release|Any CPU
	EndGlobalSection
	GlobalSection(SolutionProperties) = preSolution
		HideSolutionNode = FALSE
	EndGlobalSection
	GlobalSection(NestedProjects) = preSolution
		{28697315-7242-4A81-9180-944D15737753} = {C5510749-B109-484F-9988-D8D30A6B1598}
		{6D525BE9-7037-43B2-BF0D-364F8A01134E} = {B73C3A69-87B9-42EE-90C3-4856A4EC01C0}
		{7A42B76F-AC03-408F-8E48-D80EE7D13B90} = {7AF411A0-975C-481F-84AF-FED76F64A7F8}
		{65682F22-5D38-42D8-AFEA-A750C92BCDC6} = {26E78600-7A4E-4330-99EA-9FDFD6001A32}
		{36ED6F02-DFAB-4FA2-9AD7-90C93B4F1078} = {180363BC-9876-4512-BE37-365457C215BE}
		{7AE03CF4-158D-4997-B336-5DB6FE0FE732} = {7AF411A0-975C-481F-84AF-FED76F64A7F8}
	EndGlobalSection
	GlobalSection(ExtensibilityGlobals) = postSolution
		SolutionGuid = {2C021919-2E4D-463F-9CD8-9EB5CB36BE15}
	EndGlobalSection
EndGlobal
